
Microsoft Visual Studio Solution File, Format Version 12.00
# Visual Studio Version 17
VisualStudioVersion = 17.0.31903.59
MinimumVisualStudioVersion = 10.0.40219.1
Project("{9A19103F-16F7-4668-BE54-9A1E7A4F7556}") = "text-adventure.mvc", "text-adventure.mvc\text-adventure.mvc.csproj", "{F655E593-DFDD-4911-8853-F46F955007FF}"
EndProject
Project("{9A19103F-16F7-4668-BE54-9A1E7A4F7556}") = "text-adventure-repository", "text-adventure-repository\text-adventure-repository.csproj", "{9FCDD844-5427-4EEE-B926-45E86C9B502C}"
EndProject
Project("{FAE04EC0-301F-11D3-BF4B-00C04F79EFBC}") = "text-adventure.dto", "text-adventure.dto\text-adventure.dto.csproj", "{A506E98C-13C9-42D7-975A-09CB1B5801FF}"
EndProject
Global
	GlobalSection(SolutionConfigurationPlatforms) = preSolution
		Debug|Any CPU = Debug|Any CPU
		Release|Any CPU = Release|Any CPU
	EndGlobalSection
	GlobalSection(ProjectConfigurationPlatforms) = postSolution
		{F655E593-DFDD-4911-8853-F46F955007FF}.Debug|Any CPU.ActiveCfg = Debug|Any CPU
		{F655E593-DFDD-4911-8853-F46F955007FF}.Debug|Any CPU.Build.0 = Debug|Any CPU
		{F655E593-DFDD-4911-8853-F46F955007FF}.Release|Any CPU.ActiveCfg = Release|Any CPU
		{F655E593-DFDD-4911-8853-F46F955007FF}.Release|Any CPU.Build.0 = Release|Any CPU
		{9FCDD844-5427-4EEE-B926-45E86C9B502C}.Debug|Any CPU.ActiveCfg = Debug|Any CPU
		{9FCDD844-5427-4EEE-B926-45E86C9B502C}.Debug|Any CPU.Build.0 = Debug|Any CPU
		{9FCDD844-5427-4EEE-B926-45E86C9B502C}.Release|Any CPU.ActiveCfg = Release|Any CPU
		{9FCDD844-5427-4EEE-B926-45E86C9B502C}.Release|Any CPU.Build.0 = Release|Any CPU
		{A506E98C-13C9-42D7-975A-09CB1B5801FF}.Debug|Any CPU.ActiveCfg = Debug|Any CPU
		{A506E98C-13C9-42D7-975A-09CB1B5801FF}.Debug|Any CPU.Build.0 = Debug|Any CPU
		{A506E98C-13C9-42D7-975A-09CB1B5801FF}.Release|Any CPU.ActiveCfg = Release|Any CPU
		{A506E98C-13C9-42D7-975A-09CB1B5801FF}.Release|Any CPU.Build.0 = Release|Any CPU
	EndGlobalSection
	GlobalSection(SolutionProperties) = preSolution
		HideSolutionNode = FALSE
	EndGlobalSection
	GlobalSection(ExtensibilityGlobals) = postSolution
		SolutionGuid = {E605030F-03D9-4A49-BA49-A088890828D6}
	EndGlobalSection
EndGlobal
